
Microsoft Visual Studio Solution File, Format Version 12.00
# Visual Studio 15
VisualStudioVersion = 15.0.27004.2005
MinimumVisualStudioVersion = 10.0.40219.1
Project("{FAE04EC0-301F-11D3-BF4B-00C04F79EFBC}") = "IntellySeguradoraApi", "IntellySeguradoraApi\IntellySeguradoraApi.csproj", "{0ED4A604-5DED-4A7D-96B1-8FBA8543DA8B}"
EndProject
Global
	GlobalSection(SolutionConfigurationPlatforms) = preSolution
		Debug|Any CPU = Debug|Any CPU
		Release|Any CPU = Release|Any CPU
	EndGlobalSection
	GlobalSection(ProjectConfigurationPlatforms) = postSolution
		{0ED4A604-5DED-4A7D-96B1-8FBA8543DA8B}.Debug|Any CPU.ActiveCfg = Debug|Any CPU
		{0ED4A604-5DED-4A7D-96B1-8FBA8543DA8B}.Debug|Any CPU.Build.0 = Debug|Any CPU
		{0ED4A604-5DED-4A7D-96B1-8FBA8543DA8B}.Release|Any CPU.ActiveCfg = Release|Any CPU
		{0ED4A604-5DED-4A7D-96B1-8FBA8543DA8B}.Release|Any CPU.Build.0 = Release|Any CPU
	EndGlobalSection
	GlobalSection(SolutionProperties) = preSolution
		HideSolutionNode = FALSE
	EndGlobalSection
	GlobalSection(ExtensibilityGlobals) = postSolution
		SolutionGuid = {A9B3AC7C-6CD5-4326-A68A-72D3FCFB4A46}
	EndGlobalSection
EndGlobal
