
Microsoft Visual Studio Solution File, Format Version 12.00
# Visual Studio Version 16
VisualStudioVersion = 16.0.29102.190
MinimumVisualStudioVersion = 10.0.40219.1
Project("{9A19103F-16F7-4668-BE54-9A1E7A4F7556}") = "IntellySeguradoraApi", "IntellySeguradoraApi\IntellySeguradoraApi.csproj", "{0ED4A604-5DED-4A7D-96B1-8FBA8543DA8B}"
EndProject
Project("{E53339B2-1760-4266-BCC7-CA923CBCF16C}") = "docker-compose", "docker-compose.dcproj", "{640BB215-96AC-4470-986E-98990B8F0038}"
EndProject
Global
	GlobalSection(SolutionConfigurationPlatforms) = preSolution
		Debug|Any CPU = Debug|Any CPU
		Release|Any CPU = Release|Any CPU
	EndGlobalSection
	GlobalSection(ProjectConfigurationPlatforms) = postSolution
		{0ED4A604-5DED-4A7D-96B1-8FBA8543DA8B}.Debug|Any CPU.ActiveCfg = Debug|Any CPU
		{0ED4A604-5DED-4A7D-96B1-8FBA8543DA8B}.Debug|Any CPU.Build.0 = Debug|Any CPU
		{0ED4A604-5DED-4A7D-96B1-8FBA8543DA8B}.Release|Any CPU.ActiveCfg = Release|Any CPU
		{0ED4A604-5DED-4A7D-96B1-8FBA8543DA8B}.Release|Any CPU.Build.0 = Release|Any CPU
		{640BB215-96AC-4470-986E-98990B8F0038}.Debug|Any CPU.ActiveCfg = Debug|Any CPU
		{640BB215-96AC-4470-986E-98990B8F0038}.Debug|Any CPU.Build.0 = Debug|Any CPU
		{640BB215-96AC-4470-986E-98990B8F0038}.Release|Any CPU.ActiveCfg = Release|Any CPU
		{640BB215-96AC-4470-986E-98990B8F0038}.Release|Any CPU.Build.0 = Release|Any CPU
	EndGlobalSection
	GlobalSection(SolutionProperties) = preSolution
		HideSolutionNode = FALSE
	EndGlobalSection
	GlobalSection(ExtensibilityGlobals) = postSolution
		SolutionGuid = {A9B3AC7C-6CD5-4326-A68A-72D3FCFB4A46}
	EndGlobalSection
EndGlobal
